
Microsoft Visual Studio Solution File, Format Version 12.00
# Visual Studio 15
VisualStudioVersion = 15.0.27428.2027
MinimumVisualStudioVersion = 10.0.40219.1
Project("{FAE04EC0-301F-11D3-BF4B-00C04F79EFBC}") = "ToolKit", "ToolKit\ToolKit.csproj", "{042D698A-88D1-4373-949F-62E78FF09675}"
EndProject
Global
	GlobalSection(SolutionConfigurationPlatforms) = preSolution
		Debug|Any CPU = Debug|Any CPU
		Release|Any CPU = Release|Any CPU
	EndGlobalSection
	GlobalSection(ProjectConfigurationPlatforms) = postSolution
		{042D698A-88D1-4373-949F-62E78FF09675}.Debug|Any CPU.ActiveCfg = Debug|Any CPU
		{042D698A-88D1-4373-949F-62E78FF09675}.Debug|Any CPU.Build.0 = Debug|Any CPU
		{042D698A-88D1-4373-949F-62E78FF09675}.Release|Any CPU.ActiveCfg = Release|Any CPU
		{042D698A-88D1-4373-949F-62E78FF09675}.Release|Any CPU.Build.0 = Release|Any CPU
	EndGlobalSection
	GlobalSection(SolutionProperties) = preSolution
		HideSolutionNode = FALSE
	EndGlobalSection
	GlobalSection(ExtensibilityGlobals) = postSolution
		SolutionGuid = {E8808684-0031-404A-8C22-B2DDCE1904FD}
	EndGlobalSection
EndGlobal
